// !$*UTF8*$!
{
	archiveVersion = 1;
	classes = {
	};
	objectVersion = 50;
	objects = {

/* Begin PBXBuildFile section */
		53010466208F03270092E031 /* AppDelegate.swift in Sources */ = {isa = PBXBuildFile; fileRef = 53010465208F03270092E031 /* AppDelegate.swift */; };
		53010468208F03270092E031 /* RecordSoundsViewController.swift in Sources */ = {isa = PBXBuildFile; fileRef = 53010467208F03270092E031 /* RecordSoundsViewController.swift */; };
		5301046B208F03270092E031 /* Main.storyboard in Resources */ = {isa = PBXBuildFile; fileRef = 53010469208F03270092E031 /* Main.storyboard */; };
		5301046D208F03290092E031 /* Assets.xcassets in Resources */ = {isa = PBXBuildFile; fileRef = 5301046C208F03290092E031 /* Assets.xcassets */; };
		53010470208F03290092E031 /* LaunchScreen.storyboard in Resources */ = {isa = PBXBuildFile; fileRef = 5301046E208F03290092E031 /* LaunchScreen.storyboard */; };
		5301047B208F03290092E031 /* Pitch_Perfect_AppTests.swift in Sources */ = {isa = PBXBuildFile; fileRef = 5301047A208F03290092E031 /* Pitch_Perfect_AppTests.swift */; };
		53010486208F03290092E031 /* Pitch_Perfect_AppUITests.swift in Sources */ = {isa = PBXBuildFile; fileRef = 53010485208F03290092E031 /* Pitch_Perfect_AppUITests.swift */; };
/* End PBXBuildFile section */

/* Begin PBXContainerItemProxy section */
		53010477208F03290092E031 /* PBXContainerItemProxy */ = {
			isa = PBXContainerItemProxy;
			containerPortal = 5301045A208F03270092E031 /* Project object */;
			proxyType = 1;
			remoteGlobalIDString = 53010461208F03270092E031;
			remoteInfo = "Pitch-Perfect-App";
		};
		53010482208F03290092E031 /* PBXContainerItemProxy */ = {
			isa = PBXContainerItemProxy;
			containerPortal = 5301045A208F03270092E031 /* Project object */;
			proxyType = 1;
			remoteGlobalIDString = 53010461208F03270092E031;
			remoteInfo = "Pitch-Perfect-App";
		};
/* End PBXContainerItemProxy section */

/* Begin PBXFileReference section */
		53010462208F03270092E031 /* Pitch-Perfect-App.app */ = {isa = PBXFileReference; explicitFileType = wrapper.application; includeInIndex = 0; path = "Pitch-Perfect-App.app"; sourceTree = BUILT_PRODUCTS_DIR; };
		53010465208F03270092E031 /* AppDelegate.swift */ = {isa = PBXFileReference; lastKnownFileType = sourcecode.swift; path = AppDelegate.swift; sourceTree = "<group>"; };
		53010467208F03270092E031 /* RecordSoundsViewController.swift */ = {isa = PBXFileReference; lastKnownFileType = sourcecode.swift; path = RecordSoundsViewController.swift; sourceTree = "<group>"; };
		5301046A208F03270092E031 /* Base */ = {isa = PBXFileReference; lastKnownFileType = file.storyboard; name = Base; path = Base.lproj/Main.storyboard; sourceTree = "<group>"; };
		5301046C208F03290092E031 /* Assets.xcassets */ = {isa = PBXFileReference; lastKnownFileType = folder.assetcatalog; path = Assets.xcassets; sourceTree = "<group>"; };
		5301046F208F03290092E031 /* Base */ = {isa = PBXFileReference; lastKnownFileType = file.storyboard; name = Base; path = Base.lproj/LaunchScreen.storyboard; sourceTree = "<group>"; };
		53010471208F03290092E031 /* Info.plist */ = {isa = PBXFileReference; lastKnownFileType = text.plist.xml; path = Info.plist; sourceTree = "<group>"; };
		53010476208F03290092E031 /* Pitch-Perfect-AppTests.xctest */ = {isa = PBXFileReference; explicitFileType = wrapper.cfbundle; includeInIndex = 0; path = "Pitch-Perfect-AppTests.xctest"; sourceTree = BUILT_PRODUCTS_DIR; };
		5301047A208F03290092E031 /* Pitch_Perfect_AppTests.swift */ = {isa = PBXFileReference; lastKnownFileType = sourcecode.swift; path = Pitch_Perfect_AppTests.swift; sourceTree = "<group>"; };
		5301047C208F03290092E031 /* Info.plist */ = {isa = PBXFileReference; lastKnownFileType = text.plist.xml; path = Info.plist; sourceTree = "<group>"; };
		53010481208F03290092E031 /* Pitch-Perfect-AppUITests.xctest */ = {isa = PBXFileReference; explicitFileType = wrapper.cfbundle; includeInIndex = 0; path = "Pitch-Perfect-AppUITests.xctest"; sourceTree = BUILT_PRODUCTS_DIR; };
		53010485208F03290092E031 /* Pitch_Perfect_AppUITests.swift */ = {isa = PBXFileReference; lastKnownFileType = sourcecode.swift; path = Pitch_Perfect_AppUITests.swift; sourceTree = "<group>"; };
		53010487208F03290092E031 /* Info.plist */ = {isa = PBXFileReference; lastKnownFileType = text.plist.xml; path = Info.plist; sourceTree = "<group>"; };
/* End PBXFileReference section */

/* Begin PBXFrameworksBuildPhase section */
		5301045F208F03270092E031 /* Frameworks */ = {
			isa = PBXFrameworksBuildPhase;
			buildActionMask = 2147483647;
			files = (
			);
			runOnlyForDeploymentPostprocessing = 0;
		};
		53010473208F03290092E031 /* Frameworks */ = {
			isa = PBXFrameworksBuildPhase;
			buildActionMask = 2147483647;
			files = (
			);
			runOnlyForDeploymentPostprocessing = 0;
		};
		5301047E208F03290092E031 /* Frameworks */ = {
			isa = PBXFrameworksBuildPhase;
			buildActionMask = 2147483647;
			files = (
			);
			runOnlyForDeploymentPostprocessing = 0;
		};
/* End PBXFrameworksBuildPhase section */

/* Begin PBXGroup section */
		53010459208F03270092E031 = {
			isa = PBXGroup;
			children = (
				53010464208F03270092E031 /* Pitch-Perfect-App */,
				53010479208F03290092E031 /* Pitch-Perfect-AppTests */,
				53010484208F03290092E031 /* Pitch-Perfect-AppUITests */,
				53010463208F03270092E031 /* Products */,
			);
			sourceTree = "<group>";
		};
		53010463208F03270092E031 /* Products */ = {
			isa = PBXGroup;
			children = (
				53010462208F03270092E031 /* Pitch-Perfect-App.app */,
				53010476208F03290092E031 /* Pitch-Perfect-AppTests.xctest */,
				53010481208F03290092E031 /* Pitch-Perfect-AppUITests.xctest */,
			);
			name = Products;
			sourceTree = "<group>";
		};
		53010464208F03270092E031 /* Pitch-Perfect-App */ = {
			isa = PBXGroup;
			children = (
				53010465208F03270092E031 /* AppDelegate.swift */,
				53010467208F03270092E031 /* RecordSoundsViewController.swift */,
				53010469208F03270092E031 /* Main.storyboard */,
				5301046C208F03290092E031 /* Assets.xcassets */,
				5301046E208F03290092E031 /* LaunchScreen.storyboard */,
				53010471208F03290092E031 /* Info.plist */,
			);
			path = "Pitch-Perfect-App";
			sourceTree = "<group>";
		};
		53010479208F03290092E031 /* Pitch-Perfect-AppTests */ = {
			isa = PBXGroup;
			children = (
				5301047A208F03290092E031 /* Pitch_Perfect_AppTests.swift */,
				5301047C208F03290092E031 /* Info.plist */,
			);
			path = "Pitch-Perfect-AppTests";
			sourceTree = "<group>";
		};
		53010484208F03290092E031 /* Pitch-Perfect-AppUITests */ = {
			isa = PBXGroup;
			children = (
				53010485208F03290092E031 /* Pitch_Perfect_AppUITests.swift */,
				53010487208F03290092E031 /* Info.plist */,
			);
			path = "Pitch-Perfect-AppUITests";
			sourceTree = "<group>";
		};
/* End PBXGroup section */

/* Begin PBXNativeTarget section */
		53010461208F03270092E031 /* Pitch-Perfect-App */ = {
			isa = PBXNativeTarget;
			buildConfigurationList = 5301048A208F03290092E031 /* Build configuration list for PBXNativeTarget "Pitch-Perfect-App" */;
			buildPhases = (
				5301045E208F03270092E031 /* Sources */,
				5301045F208F03270092E031 /* Frameworks */,
				53010460208F03270092E031 /* Resources */,
			);
			buildRules = (
			);
			dependencies = (
			);
			name = "Pitch-Perfect-App";
			productName = "Pitch-Perfect-App";
			productReference = 53010462208F03270092E031 /* Pitch-Perfect-App.app */;
			productType = "com.apple.product-type.application";
		};
		53010475208F03290092E031 /* Pitch-Perfect-AppTests */ = {
			isa = PBXNativeTarget;
			buildConfigurationList = 5301048D208F03290092E031 /* Build configuration list for PBXNativeTarget "Pitch-Perfect-AppTests" */;
			buildPhases = (
				53010472208F03290092E031 /* Sources */,
				53010473208F03290092E031 /* Frameworks */,
				53010474208F03290092E031 /* Resources */,
			);
			buildRules = (
			);
			dependencies = (
				53010478208F03290092E031 /* PBXTargetDependency */,
			);
			name = "Pitch-Perfect-AppTests";
			productName = "Pitch-Perfect-AppTests";
			productReference = 53010476208F03290092E031 /* Pitch-Perfect-AppTests.xctest */;
			productType = "com.apple.product-type.bundle.unit-test";
		};
		53010480208F03290092E031 /* Pitch-Perfect-AppUITests */ = {
			isa = PBXNativeTarget;
			buildConfigurationList = 53010490208F03290092E031 /* Build configuration list for PBXNativeTarget "Pitch-Perfect-AppUITests" */;
			buildPhases = (
				5301047D208F03290092E031 /* Sources */,
				5301047E208F03290092E031 /* Frameworks */,
				5301047F208F03290092E031 /* Resources */,
			);
			buildRules = (
			);
			dependencies = (
				53010483208F03290092E031 /* PBXTargetDependency */,
			);
			name = "Pitch-Perfect-AppUITests";
			productName = "Pitch-Perfect-AppUITests";
			productReference = 53010481208F03290092E031 /* Pitch-Perfect-AppUITests.xctest */;
			productType = "com.apple.product-type.bundle.ui-testing";
		};
/* End PBXNativeTarget section */

/* Begin PBXProject section */
		5301045A208F03270092E031 /* Project object */ = {
			isa = PBXProject;
			attributes = {
				LastSwiftUpdateCheck = 0930;
				LastUpgradeCheck = 0930;
				ORGANIZATIONNAME = "Amit Biswas";
				TargetAttributes = {
					53010461208F03270092E031 = {
						CreatedOnToolsVersion = 9.3;
					};
					53010475208F03290092E031 = {
						CreatedOnToolsVersion = 9.3;
						TestTargetID = 53010461208F03270092E031;
					};
					53010480208F03290092E031 = {
						CreatedOnToolsVersion = 9.3;
						TestTargetID = 53010461208F03270092E031;
					};
				};
			};
			buildConfigurationList = 5301045D208F03270092E031 /* Build configuration list for PBXProject "Pitch-Perfect-App" */;
			compatibilityVersion = "Xcode 9.3";
			developmentRegion = en;
			hasScannedForEncodings = 0;
			knownRegions = (
				en,
				Base,
			);
			mainGroup = 53010459208F03270092E031;
			productRefGroup = 53010463208F03270092E031 /* Products */;
			projectDirPath = "";
			projectRoot = "";
			targets = (
				53010461208F03270092E031 /* Pitch-Perfect-App */,
				53010475208F03290092E031 /* Pitch-Perfect-AppTests */,
				53010480208F03290092E031 /* Pitch-Perfect-AppUITests */,
			);
		};
/* End PBXProject section */

/* Begin PBXResourcesBuildPhase section */
		53010460208F03270092E031 /* Resources */ = {
			isa = PBXResourcesBuildPhase;
			buildActionMask = 2147483647;
			files = (
				53010470208F03290092E031 /* LaunchScreen.storyboard in Resources */,
				5301046D208F03290092E031 /* Assets.xcassets in Resources */,
				5301046B208F03270092E031 /* Main.storyboard in Resources */,
			);
			runOnlyForDeploymentPostprocessing = 0;
		};
		53010474208F03290092E031 /* Resources */ = {
			isa = PBXResourcesBuildPhase;
			buildActionMask = 2147483647;
			files = (
			);
			runOnlyForDeploymentPostprocessing = 0;
		};
		5301047F208F03290092E031 /* Resources */ = {
			isa = PBXResourcesBuildPhase;
			buildActionMask = 2147483647;
			files = (
			);
			runOnlyForDeploymentPostprocessing = 0;
		};
/* End PBXResourcesBuildPhase section */

/* Begin PBXSourcesBuildPhase section */
		5301045E208F03270092E031 /* Sources */ = {
			isa = PBXSourcesBuildPhase;
			buildActionMask = 2147483647;
			files = (
				53010468208F03270092E031 /* RecordSoundsViewController.swift in Sources */,
				53010466208F03270092E031 /* AppDelegate.swift in Sources */,
			);
			runOnlyForDeploymentPostprocessing = 0;
		};
		53010472208F03290092E031 /* Sources */ = {
			isa = PBXSourcesBuildPhase;
			buildActionMask = 2147483647;
			files = (
				5301047B208F03290092E031 /* Pitch_Perfect_AppTests.swift in Sources */,
			);
			runOnlyForDeploymentPostprocessing = 0;
		};
		5301047D208F03290092E031 /* Sources */ = {
			isa = PBXSourcesBuildPhase;
			buildActionMask = 2147483647;
			files = (
				53010486208F03290092E031 /* Pitch_Perfect_AppUITests.swift in Sources */,
			);
			runOnlyForDeploymentPostprocessing = 0;
		};
/* End PBXSourcesBuildPhase section */

/* Begin PBXTargetDependency section */
		53010478208F03290092E031 /* PBXTargetDependency */ = {
			isa = PBXTargetDependency;
			target = 53010461208F03270092E031 /* Pitch-Perfect-App */;
			targetProxy = 53010477208F03290092E031 /* PBXContainerItemProxy */;
		};
		53010483208F03290092E031 /* PBXTargetDependency */ = {
			isa = PBXTargetDependency;
			target = 53010461208F03270092E031 /* Pitch-Perfect-App */;
			targetProxy = 53010482208F03290092E031 /* PBXContainerItemProxy */;
		};
/* End PBXTargetDependency section */

/* Begin PBXVariantGroup section */
		53010469208F03270092E031 /* Main.storyboard */ = {
			isa = PBXVariantGroup;
			children = (
				5301046A208F03270092E031 /* Base */,
			);
			name = Main.storyboard;
			sourceTree = "<group>";
		};
		5301046E208F03290092E031 /* LaunchScreen.storyboard */ = {
			isa = PBXVariantGroup;
			children = (
				5301046F208F03290092E031 /* Base */,
			);
			name = LaunchScreen.storyboard;
			sourceTree = "<group>";
		};
/* End PBXVariantGroup section */

/* Begin XCBuildConfiguration section */
		53010488208F03290092E031 /* Debug */ = {
			isa = XCBuildConfiguration;
			buildSettings = {
				ALWAYS_SEARCH_USER_PATHS = NO;
				CLANG_ANALYZER_NONNULL = YES;
				CLANG_ANALYZER_NUMBER_OBJECT_CONVERSION = YES_AGGRESSIVE;
				CLANG_CXX_LANGUAGE_STANDARD = "gnu++14";
				CLANG_CXX_LIBRARY = "libc++";
				CLANG_ENABLE_MODULES = YES;
				CLANG_ENABLE_OBJC_ARC = YES;
				CLANG_ENABLE_OBJC_WEAK = YES;
				CLANG_WARN_BLOCK_CAPTURE_AUTORELEASING = YES;
				CLANG_WARN_BOOL_CONVERSION = YES;
				CLANG_WARN_COMMA = YES;
				CLANG_WARN_CONSTANT_CONVERSION = YES;
				CLANG_WARN_DEPRECATED_OBJC_IMPLEMENTATIONS = YES;
				CLANG_WARN_DIRECT_OBJC_ISA_USAGE = YES_ERROR;
				CLANG_WARN_DOCUMENTATION_COMMENTS = YES;
				CLANG_WARN_EMPTY_BODY = YES;
				CLANG_WARN_ENUM_CONVERSION = YES;
				CLANG_WARN_INFINITE_RECURSION = YES;
				CLANG_WARN_INT_CONVERSION = YES;
				CLANG_WARN_NON_LITERAL_NULL_CONVERSION = YES;
				CLANG_WARN_OBJC_IMPLICIT_RETAIN_SELF = YES;
				CLANG_WARN_OBJC_LITERAL_CONVERSION = YES;
				CLANG_WARN_OBJC_ROOT_CLASS = YES_ERROR;
				CLANG_WARN_RANGE_LOOP_ANALYSIS = YES;
				CLANG_WARN_STRICT_PROTOTYPES = YES;
				CLANG_WARN_SUSPICIOUS_MOVE = YES;
				CLANG_WARN_UNGUARDED_AVAILABILITY = YES_AGGRESSIVE;
				CLANG_WARN_UNREACHABLE_CODE = YES;
				CLANG_WARN__DUPLICATE_METHOD_MATCH = YES;
				CODE_SIGN_IDENTITY = "iPhone Developer";
				COPY_PHASE_STRIP = NO;
				DEBUG_INFORMATION_FORMAT = dwarf;
				ENABLE_STRICT_OBJC_MSGSEND = YES;
				ENABLE_TESTABILITY = YES;
				GCC_C_LANGUAGE_STANDARD = gnu11;
				GCC_DYNAMIC_NO_PIC = NO;
				GCC_NO_COMMON_BLOCKS = YES;
				GCC_OPTIMIZATION_LEVEL = 0;
				GCC_PREPROCESSOR_DEFINITIONS = (
					"DEBUG=1",
					"$(inherited)",
				);
				GCC_WARN_64_TO_32_BIT_CONVERSION = YES;
				GCC_WARN_ABOUT_RETURN_TYPE = YES_ERROR;
				GCC_WARN_UNDECLARED_SELECTOR = YES;
				GCC_WARN_UNINITIALIZED_AUTOS = YES_AGGRESSIVE;
				GCC_WARN_UNUSED_FUNCTION = YES;
				GCC_WARN_UNUSED_VARIABLE = YES;
				IPHONEOS_DEPLOYMENT_TARGET = 11.3;
				MTL_ENABLE_DEBUG_INFO = YES;
				ONLY_ACTIVE_ARCH = YES;
				SDKROOT = iphoneos;
				SWIFT_ACTIVE_COMPILATION_CONDITIONS = DEBUG;
				SWIFT_OPTIMIZATION_LEVEL = "-Onone";
			};
			name = Debug;
		};
		53010489208F03290092E031 /* Release */ = {
			isa = XCBuildConfiguration;
			buildSettings = {
				ALWAYS_SEARCH_USER_PATHS = NO;
				CLANG_ANALYZER_NONNULL = YES;
				CLANG_ANALYZER_NUMBER_OBJECT_CONVERSION = YES_AGGRESSIVE;
				CLANG_CXX_LANGUAGE_STANDARD = "gnu++14";
				CLANG_CXX_LIBRARY = "libc++";
				CLANG_ENABLE_MODULES = YES;
				CLANG_ENABLE_OBJC_ARC = YES;
				CLANG_ENABLE_OBJC_WEAK = YES;
				CLANG_WARN_BLOCK_CAPTURE_AUTORELEASING = YES;
				CLANG_WARN_BOOL_CONVERSION = YES;
				CLANG_WARN_COMMA = YES;
				CLANG_WARN_CONSTANT_CONVERSION = YES;
				CLANG_WARN_DEPRECATED_OBJC_IMPLEMENTATIONS = YES;
				CLANG_WARN_DIRECT_OBJC_ISA_USAGE = YES_ERROR;
				CLANG_WARN_DOCUMENTATION_COMMENTS = YES;
				CLANG_WARN_EMPTY_BODY = YES;
				CLANG_WARN_ENUM_CONVERSION = YES;
				CLANG_WARN_INFINITE_RECURSION = YES;
				CLANG_WARN_INT_CONVERSION = YES;
				CLANG_WARN_NON_LITERAL_NULL_CONVERSION = YES;
				CLANG_WARN_OBJC_IMPLICIT_RETAIN_SELF = YES;
				CLANG_WARN_OBJC_LITERAL_CONVERSION = YES;
				CLANG_WARN_OBJC_ROOT_CLASS = YES_ERROR;
				CLANG_WARN_RANGE_LOOP_ANALYSIS = YES;
				CLANG_WARN_STRICT_PROTOTYPES = YES;
				CLANG_WARN_SUSPICIOUS_MOVE = YES;
				CLANG_WARN_UNGUARDED_AVAILABILITY = YES_AGGRESSIVE;
				CLANG_WARN_UNREACHABLE_CODE = YES;
				CLANG_WARN__DUPLICATE_METHOD_MATCH = YES;
				CODE_SIGN_IDENTITY = "iPhone Developer";
				COPY_PHASE_STRIP = NO;
				DEBUG_INFORMATION_FORMAT = "dwarf-with-dsym";
				ENABLE_NS_ASSERTIONS = NO;
				ENABLE_STRICT_OBJC_MSGSEND = YES;
				GCC_C_LANGUAGE_STANDARD = gnu11;
				GCC_NO_COMMON_BLOCKS = YES;
				GCC_WARN_64_TO_32_BIT_CONVERSION = YES;
				GCC_WARN_ABOUT_RETURN_TYPE = YES_ERROR;
				GCC_WARN_UNDECLARED_SELECTOR = YES;
				GCC_WARN_UNINITIALIZED_AUTOS = YES_AGGRESSIVE;
				GCC_WARN_UNUSED_FUNCTION = YES;
				GCC_WARN_UNUSED_VARIABLE = YES;
				IPHONEOS_DEPLOYMENT_TARGET = 11.3;
				MTL_ENABLE_DEBUG_INFO = NO;
				SDKROOT = iphoneos;
				SWIFT_COMPILATION_MODE = wholemodule;
				SWIFT_OPTIMIZATION_LEVEL = "-O";
				VALIDATE_PRODUCT = YES;
			};
			name = Release;
		};
		5301048B208F03290092E031 /* Debug */ = {
			isa = XCBuildConfiguration;
			buildSettings = {
				ASSETCATALOG_COMPILER_APPICON_NAME = AppIcon;
				CODE_SIGN_STYLE = Automatic;
				DEVELOPMENT_TEAM = S7PY4FGBSY;
				INFOPLIST_FILE = "Pitch-Perfect-App/Info.plist";
				LD_RUNPATH_SEARCH_PATHS = (
					"$(inherited)",
					"@executable_path/Frameworks",
				);
				PRODUCT_BUNDLE_IDENTIFIER = "co.amitbiswas.Pitch-Perfect-App";
				PRODUCT_NAME = "$(TARGET_NAME)";
				SWIFT_VERSION = 4.0;
				TARGETED_DEVICE_FAMILY = "1,2";
			};
			name = Debug;
		};
		5301048C208F03290092E031 /* Release */ = {
			isa = XCBuildConfiguration;
			buildSettings = {
				ASSETCATALOG_COMPILER_APPICON_NAME = AppIcon;
				CODE_SIGN_STYLE = Automatic;
				DEVELOPMENT_TEAM = S7PY4FGBSY;
				INFOPLIST_FILE = "Pitch-Perfect-App/Info.plist";
				LD_RUNPATH_SEARCH_PATHS = (
					"$(inherited)",
					"@executable_path/Frameworks",
				);
				PRODUCT_BUNDLE_IDENTIFIER = "co.amitbiswas.Pitch-Perfect-App";
				PRODUCT_NAME = "$(TARGET_NAME)";
				SWIFT_VERSION = 4.0;
				TARGETED_DEVICE_FAMILY = "1,2";
			};
			name = Release;
		};
		5301048E208F03290092E031 /* Debug */ = {
			isa = XCBuildConfiguration;
			buildSettings = {
				ALWAYS_EMBED_SWIFT_STANDARD_LIBRARIES = YES;
				BUNDLE_LOADER = "$(TEST_HOST)";
				CODE_SIGN_STYLE = Automatic;
				DEVELOPMENT_TEAM = S7PY4FGBSY;
				INFOPLIST_FILE = "Pitch-Perfect-AppTests/Info.plist";
				LD_RUNPATH_SEARCH_PATHS = (
					"$(inherited)",
					"@executable_path/Frameworks",
					"@loader_path/Frameworks",
				);
				PRODUCT_BUNDLE_IDENTIFIER = "co.amitbiswas.Pitch-Perfect-AppTests";
				PRODUCT_NAME = "$(TARGET_NAME)";
				SWIFT_VERSION = 4.0;
				TARGETED_DEVICE_FAMILY = "1,2";
				TEST_HOST = "$(BUILT_PRODUCTS_DIR)/Pitch-Perfect-App.app/Pitch-Perfect-App";
			};
			name = Debug;
		};
		5301048F208F03290092E031 /* Release */ = {
			isa = XCBuildConfiguration;
			buildSettings = {
				ALWAYS_EMBED_SWIFT_STANDARD_LIBRARIES = YES;
				BUNDLE_LOADER = "$(TEST_HOST)";
				CODE_SIGN_STYLE = Automatic;
				DEVELOPMENT_TEAM = S7PY4FGBSY;
				INFOPLIST_FILE = "Pitch-Perfect-AppTests/Info.plist";
				LD_RUNPATH_SEARCH_PATHS = (
					"$(inherited)",
					"@executable_path/Frameworks",
					"@loader_path/Frameworks",
				);
				PRODUCT_BUNDLE_IDENTIFIER = "co.amitbiswas.Pitch-Perfect-AppTests";
				PRODUCT_NAME = "$(TARGET_NAME)";
				SWIFT_VERSION = 4.0;
				TARGETED_DEVICE_FAMILY = "1,2";
				TEST_HOST = "$(BUILT_PRODUCTS_DIR)/Pitch-Perfect-App.app/Pitch-Perfect-App";
			};
			name = Release;
		};
		53010491208F03290092E031 /* Debug */ = {
			isa = XCBuildConfiguration;
			buildSettings = {
				ALWAYS_EMBED_SWIFT_STANDARD_LIBRARIES = YES;
				CODE_SIGN_STYLE = Automatic;
				DEVELOPMENT_TEAM = S7PY4FGBSY;
				INFOPLIST_FILE = "Pitch-Perfect-AppUITests/Info.plist";
				LD_RUNPATH_SEARCH_PATHS = (
					"$(inherited)",
					"@executable_path/Frameworks",
					"@loader_path/Frameworks",
				);
				PRODUCT_BUNDLE_IDENTIFIER = "co.amitbiswas.Pitch-Perfect-AppUITests";
				PRODUCT_NAME = "$(TARGET_NAME)";
				SWIFT_VERSION = 4.0;
				TARGETED_DEVICE_FAMILY = "1,2";
				TEST_TARGET_NAME = "Pitch-Perfect-App";
			};
			name = Debug;
		};
		53010492208F03290092E031 /* Release */ = {
			isa = XCBuildConfiguration;
			buildSettings = {
				ALWAYS_EMBED_SWIFT_STANDARD_LIBRARIES = YES;
				CODE_SIGN_STYLE = Automatic;
				DEVELOPMENT_TEAM = S7PY4FGBSY;
				INFOPLIST_FILE = "Pitch-Perfect-AppUITests/Info.plist";
				LD_RUNPATH_SEARCH_PATHS = (
					"$(inherited)",
					"@executable_path/Frameworks",
					"@loader_path/Frameworks",
				);
				PRODUCT_BUNDLE_IDENTIFIER = "co.amitbiswas.Pitch-Perfect-AppUITests";
				PRODUCT_NAME = "$(TARGET_NAME)";
				SWIFT_VERSION = 4.0;
				TARGETED_DEVICE_FAMILY = "1,2";
				TEST_TARGET_NAME = "Pitch-Perfect-App";
			};
			name = Release;
		};
/* End XCBuildConfiguration section */

/* Begin XCConfigurationList section */
		5301045D208F03270092E031 /* Build configuration list for PBXProject "Pitch-Perfect-App" */ = {
			isa = XCConfigurationList;
			buildConfigurations = (
				53010488208F03290092E031 /* Debug */,
				53010489208F03290092E031 /* Release */,
			);
			defaultConfigurationIsVisible = 0;
			defaultConfigurationName = Release;
		};
		5301048A208F03290092E031 /* Build configuration list for PBXNativeTarget "Pitch-Perfect-App" */ = {
			isa = XCConfigurationList;
			buildConfigurations = (
				5301048B208F03290092E031 /* Debug */,
				5301048C208F03290092E031 /* Release */,
			);
			defaultConfigurationIsVisible = 0;
			defaultConfigurationName = Release;
		};
		5301048D208F03290092E031 /* Build configuration list for PBXNativeTarget "Pitch-Perfect-AppTests" */ = {
			isa = XCConfigurationList;
			buildConfigurations = (
				5301048E208F03290092E031 /* Debug */,
				5301048F208F03290092E031 /* Release */,
			);
			defaultConfigurationIsVisible = 0;
			defaultConfigurationName = Release;
		};
		53010490208F03290092E031 /* Build configuration list for PBXNativeTarget "Pitch-Perfect-AppUITests" */ = {
			isa = XCConfigurationList;
			buildConfigurations = (
				53010491208F03290092E031 /* Debug */,
				53010492208F03290092E031 /* Release */,
			);
			defaultConfigurationIsVisible = 0;
			defaultConfigurationName = Release;
		};
/* End XCConfigurationList section */
	};
	rootObject = 5301045A208F03270092E031 /* Project object */;
}
